
Microsoft Visual Studio Solution File, Format Version 12.00
# Visual Studio Version 17
VisualStudioVersion = 17.3.32804.467
MinimumVisualStudioVersion = 10.0.40219.1
Project("{FAE04EC0-301F-11D3-BF4B-00C04F79EFBC}") = "CompanhiaProvisorApi", "CompanhiaProvisorApi.csproj", "{0C78FCB2-B654-409A-AF60-1972A3837B70}"
EndProject
Global
	GlobalSection(SolutionConfigurationPlatforms) = preSolution
		Debug|Any CPU = Debug|Any CPU
		Release|Any CPU = Release|Any CPU
	EndGlobalSection
	GlobalSection(ProjectConfigurationPlatforms) = postSolution
		{0C78FCB2-B654-409A-AF60-1972A3837B70}.Debug|Any CPU.ActiveCfg = Debug|Any CPU
		{0C78FCB2-B654-409A-AF60-1972A3837B70}.Debug|Any CPU.Build.0 = Debug|Any CPU
		{0C78FCB2-B654-409A-AF60-1972A3837B70}.Release|Any CPU.ActiveCfg = Release|Any CPU
		{0C78FCB2-B654-409A-AF60-1972A3837B70}.Release|Any CPU.Build.0 = Release|Any CPU
	EndGlobalSection
	GlobalSection(SolutionProperties) = preSolution
		HideSolutionNode = FALSE
	EndGlobalSection
	GlobalSection(ExtensibilityGlobals) = postSolution
		SolutionGuid = {AB050BBE-8E8E-4A12-9EC5-DC43DB4A1183}
	EndGlobalSection
EndGlobal
